
Microsoft Visual Studio Solution File, Format Version 12.00
# Visual Studio Version 17
VisualStudioVersion = 17.2.32526.322
MinimumVisualStudioVersion = 10.0.40219.1
Project("{FAE04EC0-301F-11D3-BF4B-00C04F79EFBC}") = "Flappy Bird Windows Form", "Flappy Bird Windows Form.csproj", "{C4BBE3AD-3897-4BEB-A641-D0DCF1156FE9}"
EndProject
Global
	GlobalSection(SolutionConfigurationPlatforms) = preSolution
		Debug|Any CPU = Debug|Any CPU
		Release|Any CPU = Release|Any CPU
	EndGlobalSection
	GlobalSection(ProjectConfigurationPlatforms) = postSolution
		{C4BBE3AD-3897-4BEB-A641-D0DCF1156FE9}.Debug|Any CPU.ActiveCfg = Debug|Any CPU
		{C4BBE3AD-3897-4BEB-A641-D0DCF1156FE9}.Debug|Any CPU.Build.0 = Debug|Any CPU
		{C4BBE3AD-3897-4BEB-A641-D0DCF1156FE9}.Release|Any CPU.ActiveCfg = Release|Any CPU
		{C4BBE3AD-3897-4BEB-A641-D0DCF1156FE9}.Release|Any CPU.Build.0 = Release|Any CPU
	EndGlobalSection
	GlobalSection(SolutionProperties) = preSolution
		HideSolutionNode = FALSE
	EndGlobalSection
	GlobalSection(ExtensibilityGlobals) = postSolution
		SolutionGuid = {B14676AD-8EED-4AE6-9E6C-3A132BB4D913}
	EndGlobalSection
EndGlobal
